
Microsoft Visual Studio Solution File, Format Version 12.00
# Visual Studio 15
VisualStudioVersion = 15.0.27703.2000
MinimumVisualStudioVersion = 10.0.40219.1
Project("{8BC9CEB8-8B4A-11D0-8D11-00A0C91BC942}") = "May18", "May18\May18.vcxproj", "{EF08DAC2-FEED-46B5-832D-FC482E70120D}"
EndProject
Global
	GlobalSection(SolutionConfigurationPlatforms) = preSolution
		Debug|x64 = Debug|x64
		Debug|x86 = Debug|x86
		Release|x64 = Release|x64
		Release|x86 = Release|x86
	EndGlobalSection
	GlobalSection(ProjectConfigurationPlatforms) = postSolution
		{EF08DAC2-FEED-46B5-832D-FC482E70120D}.Debug|x64.ActiveCfg = Debug|x64
		{EF08DAC2-FEED-46B5-832D-FC482E70120D}.Debug|x64.Build.0 = Debug|x64
		{EF08DAC2-FEED-46B5-832D-FC482E70120D}.Debug|x86.ActiveCfg = Debug|Win32
		{EF08DAC2-FEED-46B5-832D-FC482E70120D}.Debug|x86.Build.0 = Debug|Win32
		{EF08DAC2-FEED-46B5-832D-FC482E70120D}.Release|x64.ActiveCfg = Release|x64
		{EF08DAC2-FEED-46B5-832D-FC482E70120D}.Release|x64.Build.0 = Release|x64
		{EF08DAC2-FEED-46B5-832D-FC482E70120D}.Release|x86.ActiveCfg = Release|Win32
		{EF08DAC2-FEED-46B5-832D-FC482E70120D}.Release|x86.Build.0 = Release|Win32
	EndGlobalSection
	GlobalSection(SolutionProperties) = preSolution
		HideSolutionNode = FALSE
	EndGlobalSection
	GlobalSection(ExtensibilityGlobals) = postSolution
		SolutionGuid = {E2E013B3-561F-47D8-9CA9-F0B6AAE0B610}
	EndGlobalSection
EndGlobal
